// !$*UTF8*$!
{
	archiveVersion = 1;
	classes = {
	};
	objectVersion = 52;
	objects = {

/* Begin PBXBuildFile section */
		04DADF9F2392575E004F4E8D /* AppDelegate.swift in Sources */ = {isa = PBXBuildFile; fileRef = 04DADF9E2392575E004F4E8D /* AppDelegate.swift */; };
		04DADFA12392575E004F4E8D /* SceneDelegate.swift in Sources */ = {isa = PBXBuildFile; fileRef = 04DADFA02392575E004F4E8D /* SceneDelegate.swift */; };
		04DADFA32392575E004F4E8D /* BasicInfoViewController.swift in Sources */ = {isa = PBXBuildFile; fileRef = 04DADFA22392575E004F4E8D /* BasicInfoViewController.swift */; };
		04DADFA62392575E004F4E8D /* Main.storyboard in Resources */ = {isa = PBXBuildFile; fileRef = 04DADFA42392575E004F4E8D /* Main.storyboard */; };
		04DADFA823925760004F4E8D /* Assets.xcassets in Resources */ = {isa = PBXBuildFile; fileRef = 04DADFA723925760004F4E8D /* Assets.xcassets */; };
		04DADFAB23925760004F4E8D /* LaunchScreen.storyboard in Resources */ = {isa = PBXBuildFile; fileRef = 04DADFA923925760004F4E8D /* LaunchScreen.storyboard */; };
		04DADFB623925760004F4E8D /* HotelsTestTaskTests.swift in Sources */ = {isa = PBXBuildFile; fileRef = 04DADFB523925760004F4E8D /* HotelsTestTaskTests.swift */; };
		04DADFC1239258A9004F4E8D /* FullHotelInfo.swift in Sources */ = {isa = PBXBuildFile; fileRef = 04DADFC0239258A9004F4E8D /* FullHotelInfo.swift */; };
		04DADFCC23926F9C004F4E8D /* BasicHotelInfo.swift in Sources */ = {isa = PBXBuildFile; fileRef = 04DADFCB23926F9C004F4E8D /* BasicHotelInfo.swift */; };
		04DADFD023928A02004F4E8D /* BasicHotelInfoTableViewCell.swift in Sources */ = {isa = PBXBuildFile; fileRef = 04DADFCF23928A02004F4E8D /* BasicHotelInfoTableViewCell.swift */; };
		04E3829D2393C4E2003EB34B /* NetworkHandler.swift in Sources */ = {isa = PBXBuildFile; fileRef = 04E3829C2393C4E2003EB34B /* NetworkHandler.swift */; };
		04E940432395038400EDEF2C /* Alamofire in Frameworks */ = {isa = PBXBuildFile; productRef = 04E940422395038400EDEF2C /* Alamofire */; };
		04F4AD8D2393A72E00B7F82B /* FullInfoViewController.swift in Sources */ = {isa = PBXBuildFile; fileRef = 04F4AD8C2393A72E00B7F82B /* FullInfoViewController.swift */; };
/* End PBXBuildFile section */

/* Begin PBXContainerItemProxy section */
		04DADFB223925760004F4E8D /* PBXContainerItemProxy */ = {
			isa = PBXContainerItemProxy;
			containerPortal = 04DADF932392575E004F4E8D /* Project object */;
			proxyType = 1;
			remoteGlobalIDString = 04DADF9A2392575E004F4E8D;
			remoteInfo = HotelsTestTask;
		};
/* End PBXContainerItemProxy section */

/* Begin PBXFileReference section */
		04DADF9B2392575E004F4E8D /* HotelsTestTask.app */ = {isa = PBXFileReference; explicitFileType = wrapper.application; includeInIndex = 0; path = HotelsTestTask.app; sourceTree = BUILT_PRODUCTS_DIR; };
		04DADF9E2392575E004F4E8D /* AppDelegate.swift */ = {isa = PBXFileReference; lastKnownFileType = sourcecode.swift; path = AppDelegate.swift; sourceTree = "<group>"; };
		04DADFA02392575E004F4E8D /* SceneDelegate.swift */ = {isa = PBXFileReference; lastKnownFileType = sourcecode.swift; path = SceneDelegate.swift; sourceTree = "<group>"; };
		04DADFA22392575E004F4E8D /* BasicInfoViewController.swift */ = {isa = PBXFileReference; lastKnownFileType = sourcecode.swift; path = BasicInfoViewController.swift; sourceTree = "<group>"; };
		04DADFA52392575E004F4E8D /* Base */ = {isa = PBXFileReference; lastKnownFileType = file.storyboard; name = Base; path = Base.lproj/Main.storyboard; sourceTree = "<group>"; };
		04DADFA723925760004F4E8D /* Assets.xcassets */ = {isa = PBXFileReference; lastKnownFileType = folder.assetcatalog; path = Assets.xcassets; sourceTree = "<group>"; };
		04DADFAA23925760004F4E8D /* Base */ = {isa = PBXFileReference; lastKnownFileType = file.storyboard; name = Base; path = Base.lproj/LaunchScreen.storyboard; sourceTree = "<group>"; };
		04DADFAC23925760004F4E8D /* Info.plist */ = {isa = PBXFileReference; lastKnownFileType = text.plist.xml; path = Info.plist; sourceTree = "<group>"; };
		04DADFB123925760004F4E8D /* HotelsTestTaskTests.xctest */ = {isa = PBXFileReference; explicitFileType = wrapper.cfbundle; includeInIndex = 0; path = HotelsTestTaskTests.xctest; sourceTree = BUILT_PRODUCTS_DIR; };
		04DADFB523925760004F4E8D /* HotelsTestTaskTests.swift */ = {isa = PBXFileReference; lastKnownFileType = sourcecode.swift; path = HotelsTestTaskTests.swift; sourceTree = "<group>"; };
		04DADFB723925760004F4E8D /* Info.plist */ = {isa = PBXFileReference; lastKnownFileType = text.plist.xml; path = Info.plist; sourceTree = "<group>"; };
		04DADFC0239258A9004F4E8D /* FullHotelInfo.swift */ = {isa = PBXFileReference; lastKnownFileType = sourcecode.swift; path = FullHotelInfo.swift; sourceTree = "<group>"; };
		04DADFCB23926F9C004F4E8D /* BasicHotelInfo.swift */ = {isa = PBXFileReference; lastKnownFileType = sourcecode.swift; path = BasicHotelInfo.swift; sourceTree = "<group>"; };
		04DADFCF23928A02004F4E8D /* BasicHotelInfoTableViewCell.swift */ = {isa = PBXFileReference; lastKnownFileType = sourcecode.swift; path = BasicHotelInfoTableViewCell.swift; sourceTree = "<group>"; };
		04E3829C2393C4E2003EB34B /* NetworkHandler.swift */ = {isa = PBXFileReference; lastKnownFileType = sourcecode.swift; path = NetworkHandler.swift; sourceTree = "<group>"; };
		04F4AD8C2393A72E00B7F82B /* FullInfoViewController.swift */ = {isa = PBXFileReference; lastKnownFileType = sourcecode.swift; path = FullInfoViewController.swift; sourceTree = "<group>"; };
/* End PBXFileReference section */

/* Begin PBXFrameworksBuildPhase section */
		04DADF982392575E004F4E8D /* Frameworks */ = {
			isa = PBXFrameworksBuildPhase;
			buildActionMask = 2147483647;
			files = (
				04E940432395038400EDEF2C /* Alamofire in Frameworks */,
			);
			runOnlyForDeploymentPostprocessing = 0;
		};
		04DADFAE23925760004F4E8D /* Frameworks */ = {
			isa = PBXFrameworksBuildPhase;
			buildActionMask = 2147483647;
			files = (
			);
			runOnlyForDeploymentPostprocessing = 0;
		};
/* End PBXFrameworksBuildPhase section */

/* Begin PBXGroup section */
		0492942423ABC36A00E21EAB /* Modules */ = {
			isa = PBXGroup;
			children = (
				0492942623ABC3AA00E21EAB /* FullHotelInfo */,
				0492942523ABC39F00E21EAB /* BasicHotelInfo */,
			);
			path = Modules;
			sourceTree = "<group>";
		};
		0492942523ABC39F00E21EAB /* BasicHotelInfo */ = {
			isa = PBXGroup;
			children = (
				04DADFCF23928A02004F4E8D /* BasicHotelInfoTableViewCell.swift */,
				04DADFA22392575E004F4E8D /* BasicInfoViewController.swift */,
			);
			path = BasicHotelInfo;
			sourceTree = "<group>";
		};
		0492942623ABC3AA00E21EAB /* FullHotelInfo */ = {
			isa = PBXGroup;
			children = (
				04F4AD8C2393A72E00B7F82B /* FullInfoViewController.swift */,
			);
			path = FullHotelInfo;
			sourceTree = "<group>";
		};
		04DADF922392575E004F4E8D = {
			isa = PBXGroup;
			children = (
				04DADF9D2392575E004F4E8D /* HotelsTestTask */,
				04DADFB423925760004F4E8D /* HotelsTestTaskTests */,
				04DADF9C2392575E004F4E8D /* Products */,
			);
			sourceTree = "<group>";
		};
		04DADF9C2392575E004F4E8D /* Products */ = {
			isa = PBXGroup;
			children = (
				04DADF9B2392575E004F4E8D /* HotelsTestTask.app */,
				04DADFB123925760004F4E8D /* HotelsTestTaskTests.xctest */,
			);
			name = Products;
			sourceTree = "<group>";
		};
		04DADF9D2392575E004F4E8D /* HotelsTestTask */ = {
			isa = PBXGroup;
			children = (
				0492942423ABC36A00E21EAB /* Modules */,
				04E9401E2394F3CF00EDEF2C /* Supporting files */,
				04E9401F2394F3FF00EDEF2C /* Storyboards */,
				04DADFA723925760004F4E8D /* Assets.xcassets */,
				04DADFAC23925760004F4E8D /* Info.plist */,
				04E3829E23941777003EB34B /* Entities */,
				04E940212394F44700EDEF2C /* Services */,
			);
			path = HotelsTestTask;
			sourceTree = "<group>";
		};
		04DADFB423925760004F4E8D /* HotelsTestTaskTests */ = {
			isa = PBXGroup;
			children = (
				04DADFB523925760004F4E8D /* HotelsTestTaskTests.swift */,
				04DADFB723925760004F4E8D /* Info.plist */,
			);
			path = HotelsTestTaskTests;
			sourceTree = "<group>";
		};
		04E3829E23941777003EB34B /* Entities */ = {
			isa = PBXGroup;
			children = (
				04DADFCB23926F9C004F4E8D /* BasicHotelInfo.swift */,
				04DADFC0239258A9004F4E8D /* FullHotelInfo.swift */,
			);
			path = Entities;
			sourceTree = "<group>";
		};
		04E9401E2394F3CF00EDEF2C /* Supporting files */ = {
			isa = PBXGroup;
			children = (
				04DADF9E2392575E004F4E8D /* AppDelegate.swift */,
				04DADFA02392575E004F4E8D /* SceneDelegate.swift */,
			);
			path = "Supporting files";
			sourceTree = "<group>";
		};
		04E9401F2394F3FF00EDEF2C /* Storyboards */ = {
			isa = PBXGroup;
			children = (
				04DADFA923925760004F4E8D /* LaunchScreen.storyboard */,
				04DADFA42392575E004F4E8D /* Main.storyboard */,
			);
			path = Storyboards;
			sourceTree = "<group>";
		};
		04E940212394F44700EDEF2C /* Services */ = {
			isa = PBXGroup;
			children = (
				04E3829C2393C4E2003EB34B /* NetworkHandler.swift */,
			);
			path = Services;
			sourceTree = "<group>";
		};
/* End PBXGroup section */

/* Begin PBXNativeTarget section */
		04DADF9A2392575E004F4E8D /* HotelsTestTask */ = {
			isa = PBXNativeTarget;
			buildConfigurationList = 04DADFBA23925760004F4E8D /* Build configuration list for PBXNativeTarget "HotelsTestTask" */;
			buildPhases = (
				04DADF972392575E004F4E8D /* Sources */,
				04DADF982392575E004F4E8D /* Frameworks */,
				04DADF992392575E004F4E8D /* Resources */,
			);
			buildRules = (
			);
			dependencies = (
			);
			name = HotelsTestTask;
			packageProductDependencies = (
				04E940422395038400EDEF2C /* Alamofire */,
			);
			productName = HotelsTestTask;
			productReference = 04DADF9B2392575E004F4E8D /* HotelsTestTask.app */;
			productType = "com.apple.product-type.application";
		};
		04DADFB023925760004F4E8D /* HotelsTestTaskTests */ = {
			isa = PBXNativeTarget;
			buildConfigurationList = 04DADFBD23925760004F4E8D /* Build configuration list for PBXNativeTarget "HotelsTestTaskTests" */;
			buildPhases = (
				04DADFAD23925760004F4E8D /* Sources */,
				04DADFAE23925760004F4E8D /* Frameworks */,
				04DADFAF23925760004F4E8D /* Resources */,
			);
			buildRules = (
			);
			dependencies = (
				04DADFB323925760004F4E8D /* PBXTargetDependency */,
			);
			name = HotelsTestTaskTests;
			productName = HotelsTestTaskTests;
			productReference = 04DADFB123925760004F4E8D /* HotelsTestTaskTests.xctest */;
			productType = "com.apple.product-type.bundle.unit-test";
		};
/* End PBXNativeTarget section */

/* Begin PBXProject section */
		04DADF932392575E004F4E8D /* Project object */ = {
			isa = PBXProject;
			attributes = {
				LastSwiftUpdateCheck = 1120;
				LastUpgradeCheck = 1120;
				ORGANIZATIONNAME = "Alexander Ershov";
				TargetAttributes = {
					04DADF9A2392575E004F4E8D = {
						CreatedOnToolsVersion = 11.2.1;
					};
					04DADFB023925760004F4E8D = {
						CreatedOnToolsVersion = 11.2.1;
						TestTargetID = 04DADF9A2392575E004F4E8D;
					};
				};
			};
			buildConfigurationList = 04DADF962392575E004F4E8D /* Build configuration list for PBXProject "HotelsTestTask" */;
			compatibilityVersion = "Xcode 9.3";
			developmentRegion = en;
			hasScannedForEncodings = 0;
			knownRegions = (
				en,
				Base,
			);
			mainGroup = 04DADF922392575E004F4E8D;
			packageReferences = (
				04E940412395038400EDEF2C /* XCRemoteSwiftPackageReference "Alamofire" */,
			);
			productRefGroup = 04DADF9C2392575E004F4E8D /* Products */;
			projectDirPath = "";
			projectRoot = "";
			targets = (
				04DADF9A2392575E004F4E8D /* HotelsTestTask */,
				04DADFB023925760004F4E8D /* HotelsTestTaskTests */,
			);
		};
/* End PBXProject section */

/* Begin PBXResourcesBuildPhase section */
		04DADF992392575E004F4E8D /* Resources */ = {
			isa = PBXResourcesBuildPhase;
			buildActionMask = 2147483647;
			files = (
				04DADFAB23925760004F4E8D /* LaunchScreen.storyboard in Resources */,
				04DADFA823925760004F4E8D /* Assets.xcassets in Resources */,
				04DADFA62392575E004F4E8D /* Main.storyboard in Resources */,
			);
			runOnlyForDeploymentPostprocessing = 0;
		};
		04DADFAF23925760004F4E8D /* Resources */ = {
			isa = PBXResourcesBuildPhase;
			buildActionMask = 2147483647;
			files = (
			);
			runOnlyForDeploymentPostprocessing = 0;
		};
/* End PBXResourcesBuildPhase section */

/* Begin PBXSourcesBuildPhase section */
		04DADF972392575E004F4E8D /* Sources */ = {
			isa = PBXSourcesBuildPhase;
			buildActionMask = 2147483647;
			files = (
				04DADFA32392575E004F4E8D /* BasicInfoViewController.swift in Sources */,
				04DADF9F2392575E004F4E8D /* AppDelegate.swift in Sources */,
				04E3829D2393C4E2003EB34B /* NetworkHandler.swift in Sources */,
				04DADFC1239258A9004F4E8D /* FullHotelInfo.swift in Sources */,
				04DADFA12392575E004F4E8D /* SceneDelegate.swift in Sources */,
				04DADFCC23926F9C004F4E8D /* BasicHotelInfo.swift in Sources */,
				04DADFD023928A02004F4E8D /* BasicHotelInfoTableViewCell.swift in Sources */,
				04F4AD8D2393A72E00B7F82B /* FullInfoViewController.swift in Sources */,
			);
			runOnlyForDeploymentPostprocessing = 0;
		};
		04DADFAD23925760004F4E8D /* Sources */ = {
			isa = PBXSourcesBuildPhase;
			buildActionMask = 2147483647;
			files = (
				04DADFB623925760004F4E8D /* HotelsTestTaskTests.swift in Sources */,
			);
			runOnlyForDeploymentPostprocessing = 0;
		};
/* End PBXSourcesBuildPhase section */

/* Begin PBXTargetDependency section */
		04DADFB323925760004F4E8D /* PBXTargetDependency */ = {
			isa = PBXTargetDependency;
			target = 04DADF9A2392575E004F4E8D /* HotelsTestTask */;
			targetProxy = 04DADFB223925760004F4E8D /* PBXContainerItemProxy */;
		};
/* End PBXTargetDependency section */

/* Begin PBXVariantGroup section */
		04DADFA42392575E004F4E8D /* Main.storyboard */ = {
			isa = PBXVariantGroup;
			children = (
				04DADFA52392575E004F4E8D /* Base */,
			);
			name = Main.storyboard;
			sourceTree = "<group>";
		};
		04DADFA923925760004F4E8D /* LaunchScreen.storyboard */ = {
			isa = PBXVariantGroup;
			children = (
				04DADFAA23925760004F4E8D /* Base */,
			);
			name = LaunchScreen.storyboard;
			sourceTree = "<group>";
		};
/* End PBXVariantGroup section */

/* Begin XCBuildConfiguration section */
		04DADFB823925760004F4E8D /* Debug */ = {
			isa = XCBuildConfiguration;
			buildSettings = {
				ALWAYS_SEARCH_USER_PATHS = NO;
				CLANG_ANALYZER_NONNULL = YES;
				CLANG_ANALYZER_NUMBER_OBJECT_CONVERSION = YES_AGGRESSIVE;
				CLANG_CXX_LANGUAGE_STANDARD = "gnu++14";
				CLANG_CXX_LIBRARY = "libc++";
				CLANG_ENABLE_MODULES = YES;
				CLANG_ENABLE_OBJC_ARC = YES;
				CLANG_ENABLE_OBJC_WEAK = YES;
				CLANG_WARN_BLOCK_CAPTURE_AUTORELEASING = YES;
				CLANG_WARN_BOOL_CONVERSION = YES;
				CLANG_WARN_COMMA = YES;
				CLANG_WARN_CONSTANT_CONVERSION = YES;
				CLANG_WARN_DEPRECATED_OBJC_IMPLEMENTATIONS = YES;
				CLANG_WARN_DIRECT_OBJC_ISA_USAGE = YES_ERROR;
				CLANG_WARN_DOCUMENTATION_COMMENTS = YES;
				CLANG_WARN_EMPTY_BODY = YES;
				CLANG_WARN_ENUM_CONVERSION = YES;
				CLANG_WARN_INFINITE_RECURSION = YES;
				CLANG_WARN_INT_CONVERSION = YES;
				CLANG_WARN_NON_LITERAL_NULL_CONVERSION = YES;
				CLANG_WARN_OBJC_IMPLICIT_RETAIN_SELF = YES;
				CLANG_WARN_OBJC_LITERAL_CONVERSION = YES;
				CLANG_WARN_OBJC_ROOT_CLASS = YES_ERROR;
				CLANG_WARN_RANGE_LOOP_ANALYSIS = YES;
				CLANG_WARN_STRICT_PROTOTYPES = YES;
				CLANG_WARN_SUSPICIOUS_MOVE = YES;
				CLANG_WARN_UNGUARDED_AVAILABILITY = YES_AGGRESSIVE;
				CLANG_WARN_UNREACHABLE_CODE = YES;
				CLANG_WARN__DUPLICATE_METHOD_MATCH = YES;
				COPY_PHASE_STRIP = NO;
				DEBUG_INFORMATION_FORMAT = dwarf;
				ENABLE_STRICT_OBJC_MSGSEND = YES;
				ENABLE_TESTABILITY = YES;
				GCC_C_LANGUAGE_STANDARD = gnu11;
				GCC_DYNAMIC_NO_PIC = NO;
				GCC_NO_COMMON_BLOCKS = YES;
				GCC_OPTIMIZATION_LEVEL = 0;
				GCC_PREPROCESSOR_DEFINITIONS = (
					"DEBUG=1",
					"$(inherited)",
				);
				GCC_WARN_64_TO_32_BIT_CONVERSION = YES;
				GCC_WARN_ABOUT_RETURN_TYPE = YES_ERROR;
				GCC_WARN_UNDECLARED_SELECTOR = YES;
				GCC_WARN_UNINITIALIZED_AUTOS = YES_AGGRESSIVE;
				GCC_WARN_UNUSED_FUNCTION = YES;
				GCC_WARN_UNUSED_VARIABLE = YES;
				IPHONEOS_DEPLOYMENT_TARGET = 13.2;
				MTL_ENABLE_DEBUG_INFO = INCLUDE_SOURCE;
				MTL_FAST_MATH = YES;
				ONLY_ACTIVE_ARCH = YES;
				SDKROOT = iphoneos;
				SWIFT_ACTIVE_COMPILATION_CONDITIONS = DEBUG;
				SWIFT_OPTIMIZATION_LEVEL = "-Onone";
			};
			name = Debug;
		};
		04DADFB923925760004F4E8D /* Release */ = {
			isa = XCBuildConfiguration;
			buildSettings = {
				ALWAYS_SEARCH_USER_PATHS = NO;
				CLANG_ANALYZER_NONNULL = YES;
				CLANG_ANALYZER_NUMBER_OBJECT_CONVERSION = YES_AGGRESSIVE;
				CLANG_CXX_LANGUAGE_STANDARD = "gnu++14";
				CLANG_CXX_LIBRARY = "libc++";
				CLANG_ENABLE_MODULES = YES;
				CLANG_ENABLE_OBJC_ARC = YES;
				CLANG_ENABLE_OBJC_WEAK = YES;
				CLANG_WARN_BLOCK_CAPTURE_AUTORELEASING = YES;
				CLANG_WARN_BOOL_CONVERSION = YES;
				CLANG_WARN_COMMA = YES;
				CLANG_WARN_CONSTANT_CONVERSION = YES;
				CLANG_WARN_DEPRECATED_OBJC_IMPLEMENTATIONS = YES;
				CLANG_WARN_DIRECT_OBJC_ISA_USAGE = YES_ERROR;
				CLANG_WARN_DOCUMENTATION_COMMENTS = YES;
				CLANG_WARN_EMPTY_BODY = YES;
				CLANG_WARN_ENUM_CONVERSION = YES;
				CLANG_WARN_INFINITE_RECURSION = YES;
				CLANG_WARN_INT_CONVERSION = YES;
				CLANG_WARN_NON_LITERAL_NULL_CONVERSION = YES;
				CLANG_WARN_OBJC_IMPLICIT_RETAIN_SELF = YES;
				CLANG_WARN_OBJC_LITERAL_CONVERSION = YES;
				CLANG_WARN_OBJC_ROOT_CLASS = YES_ERROR;
				CLANG_WARN_RANGE_LOOP_ANALYSIS = YES;
				CLANG_WARN_STRICT_PROTOTYPES = YES;
				CLANG_WARN_SUSPICIOUS_MOVE = YES;
				CLANG_WARN_UNGUARDED_AVAILABILITY = YES_AGGRESSIVE;
				CLANG_WARN_UNREACHABLE_CODE = YES;
				CLANG_WARN__DUPLICATE_METHOD_MATCH = YES;
				COPY_PHASE_STRIP = NO;
				DEBUG_INFORMATION_FORMAT = "dwarf-with-dsym";
				ENABLE_NS_ASSERTIONS = NO;
				ENABLE_STRICT_OBJC_MSGSEND = YES;
				GCC_C_LANGUAGE_STANDARD = gnu11;
				GCC_NO_COMMON_BLOCKS = YES;
				GCC_WARN_64_TO_32_BIT_CONVERSION = YES;
				GCC_WARN_ABOUT_RETURN_TYPE = YES_ERROR;
				GCC_WARN_UNDECLARED_SELECTOR = YES;
				GCC_WARN_UNINITIALIZED_AUTOS = YES_AGGRESSIVE;
				GCC_WARN_UNUSED_FUNCTION = YES;
				GCC_WARN_UNUSED_VARIABLE = YES;
				IPHONEOS_DEPLOYMENT_TARGET = 13.2;
				MTL_ENABLE_DEBUG_INFO = NO;
				MTL_FAST_MATH = YES;
				SDKROOT = iphoneos;
				SWIFT_COMPILATION_MODE = wholemodule;
				SWIFT_OPTIMIZATION_LEVEL = "-O";
				VALIDATE_PRODUCT = YES;
			};
			name = Release;
		};
		04DADFBB23925760004F4E8D /* Debug */ = {
			isa = XCBuildConfiguration;
			buildSettings = {
				ASSETCATALOG_COMPILER_APPICON_NAME = AppIcon;
				CODE_SIGN_STYLE = Automatic;
				DEVELOPMENT_TEAM = U6FFL765V4;
				INFOPLIST_FILE = HotelsTestTask/Info.plist;
				IPHONEOS_DEPLOYMENT_TARGET = 11.0;
				LD_RUNPATH_SEARCH_PATHS = (
					"$(inherited)",
					"@executable_path/Frameworks",
				);
				PRODUCT_BUNDLE_IDENTIFIER = "com.github.com.ershov-alexander.HotelsTestTask";
				PRODUCT_NAME = "$(TARGET_NAME)";
				SWIFT_VERSION = 5.0;
				TARGETED_DEVICE_FAMILY = "1,2";
			};
			name = Debug;
		};
		04DADFBC23925760004F4E8D /* Release */ = {
			isa = XCBuildConfiguration;
			buildSettings = {
				ASSETCATALOG_COMPILER_APPICON_NAME = AppIcon;
				CODE_SIGN_STYLE = Automatic;
				DEVELOPMENT_TEAM = U6FFL765V4;
				INFOPLIST_FILE = HotelsTestTask/Info.plist;
				IPHONEOS_DEPLOYMENT_TARGET = 11.0;
				LD_RUNPATH_SEARCH_PATHS = (
					"$(inherited)",
					"@executable_path/Frameworks",
				);
				PRODUCT_BUNDLE_IDENTIFIER = "com.github.com.ershov-alexander.HotelsTestTask";
				PRODUCT_NAME = "$(TARGET_NAME)";
				SWIFT_VERSION = 5.0;
				TARGETED_DEVICE_FAMILY = "1,2";
			};
			name = Release;
		};
		04DADFBE23925760004F4E8D /* Debug */ = {
			isa = XCBuildConfiguration;
			buildSettings = {
				ALWAYS_EMBED_SWIFT_STANDARD_LIBRARIES = YES;
				BUNDLE_LOADER = "$(TEST_HOST)";
				CODE_SIGN_STYLE = Automatic;
				DEVELOPMENT_TEAM = U6FFL765V4;
				INFOPLIST_FILE = HotelsTestTaskTests/Info.plist;
				IPHONEOS_DEPLOYMENT_TARGET = 13.2;
				LD_RUNPATH_SEARCH_PATHS = (
					"$(inherited)",
					"@executable_path/Frameworks",
					"@loader_path/Frameworks",
				);
				PRODUCT_BUNDLE_IDENTIFIER = "com.github.com.ershov-alexander.HotelsTestTaskTests";
				PRODUCT_NAME = "$(TARGET_NAME)";
				SWIFT_VERSION = 5.0;
				TARGETED_DEVICE_FAMILY = "1,2";
				TEST_HOST = "$(BUILT_PRODUCTS_DIR)/HotelsTestTask.app/HotelsTestTask";
			};
			name = Debug;
		};
		04DADFBF23925760004F4E8D /* Release */ = {
			isa = XCBuildConfiguration;
			buildSettings = {
				ALWAYS_EMBED_SWIFT_STANDARD_LIBRARIES = YES;
				BUNDLE_LOADER = "$(TEST_HOST)";
				CODE_SIGN_STYLE = Automatic;
				DEVELOPMENT_TEAM = U6FFL765V4;
				INFOPLIST_FILE = HotelsTestTaskTests/Info.plist;
				IPHONEOS_DEPLOYMENT_TARGET = 13.2;
				LD_RUNPATH_SEARCH_PATHS = (
					"$(inherited)",
					"@executable_path/Frameworks",
					"@loader_path/Frameworks",
				);
				PRODUCT_BUNDLE_IDENTIFIER = "com.github.com.ershov-alexander.HotelsTestTaskTests";
				PRODUCT_NAME = "$(TARGET_NAME)";
				SWIFT_VERSION = 5.0;
				TARGETED_DEVICE_FAMILY = "1,2";
				TEST_HOST = "$(BUILT_PRODUCTS_DIR)/HotelsTestTask.app/HotelsTestTask";
			};
			name = Release;
		};
/* End XCBuildConfiguration section */

/* Begin XCConfigurationList section */
		04DADF962392575E004F4E8D /* Build configuration list for PBXProject "HotelsTestTask" */ = {
			isa = XCConfigurationList;
			buildConfigurations = (
				04DADFB823925760004F4E8D /* Debug */,
				04DADFB923925760004F4E8D /* Release */,
			);
			defaultConfigurationIsVisible = 0;
			defaultConfigurationName = Release;
		};
		04DADFBA23925760004F4E8D /* Build configuration list for PBXNativeTarget "HotelsTestTask" */ = {
			isa = XCConfigurationList;
			buildConfigurations = (
				04DADFBB23925760004F4E8D /* Debug */,
				04DADFBC23925760004F4E8D /* Release */,
			);
			defaultConfigurationIsVisible = 0;
			defaultConfigurationName = Release;
		};
		04DADFBD23925760004F4E8D /* Build configuration list for PBXNativeTarget "HotelsTestTaskTests" */ = {
			isa = XCConfigurationList;
			buildConfigurations = (
				04DADFBE23925760004F4E8D /* Debug */,
				04DADFBF23925760004F4E8D /* Release */,
			);
			defaultConfigurationIsVisible = 0;
			defaultConfigurationName = Release;
		};
/* End XCConfigurationList section */

/* Begin XCRemoteSwiftPackageReference section */
		04E940412395038400EDEF2C /* XCRemoteSwiftPackageReference "Alamofire" */ = {
			isa = XCRemoteSwiftPackageReference;
			repositoryURL = "https://github.com/Alamofire/Alamofire";
			requirement = {
				kind = exactVersion;
				version = "5.0.0-rc.3";
			};
		};
/* End XCRemoteSwiftPackageReference section */

/* Begin XCSwiftPackageProductDependency section */
		04E940422395038400EDEF2C /* Alamofire */ = {
			isa = XCSwiftPackageProductDependency;
			package = 04E940412395038400EDEF2C /* XCRemoteSwiftPackageReference "Alamofire" */;
			productName = Alamofire;
		};
/* End XCSwiftPackageProductDependency section */
	};
	rootObject = 04DADF932392575E004F4E8D /* Project object */;
}
